
Microsoft Visual Studio Solution File, Format Version 12.00
# Visual Studio Version 16
VisualStudioVersion = 16.0.30330.147
MinimumVisualStudioVersion = 10.0.40219.1
Project("{FAE04EC0-301F-11D3-BF4B-00C04F79EFBC}") = "Lab6Variant10", "Lab6Variant10\Lab6Variant10.csproj", "{0D1E4F94-C5A6-42F3-A94C-926F160AA2E0}"
EndProject
Project("{FAE04EC0-301F-11D3-BF4B-00C04F79EFBC}") = "UnitTestProject1", "UnitTestProject1\UnitTestProject1.csproj", "{A7B7F0E9-5FCC-4E59-AE52-59262300AA53}"
EndProject
Global
	GlobalSection(SolutionConfigurationPlatforms) = preSolution
		Debug|Any CPU = Debug|Any CPU
		Release|Any CPU = Release|Any CPU
	EndGlobalSection
	GlobalSection(ProjectConfigurationPlatforms) = postSolution
		{0D1E4F94-C5A6-42F3-A94C-926F160AA2E0}.Debug|Any CPU.ActiveCfg = Debug|Any CPU
		{0D1E4F94-C5A6-42F3-A94C-926F160AA2E0}.Debug|Any CPU.Build.0 = Debug|Any CPU
		{0D1E4F94-C5A6-42F3-A94C-926F160AA2E0}.Release|Any CPU.ActiveCfg = Release|Any CPU
		{0D1E4F94-C5A6-42F3-A94C-926F160AA2E0}.Release|Any CPU.Build.0 = Release|Any CPU
		{A7B7F0E9-5FCC-4E59-AE52-59262300AA53}.Debug|Any CPU.ActiveCfg = Debug|Any CPU
		{A7B7F0E9-5FCC-4E59-AE52-59262300AA53}.Debug|Any CPU.Build.0 = Debug|Any CPU
		{A7B7F0E9-5FCC-4E59-AE52-59262300AA53}.Release|Any CPU.ActiveCfg = Release|Any CPU
		{A7B7F0E9-5FCC-4E59-AE52-59262300AA53}.Release|Any CPU.Build.0 = Release|Any CPU
	EndGlobalSection
	GlobalSection(SolutionProperties) = preSolution
		HideSolutionNode = FALSE
	EndGlobalSection
	GlobalSection(ExtensibilityGlobals) = postSolution
		SolutionGuid = {75CE1E73-5679-4C91-BFD3-0FC2CA7AB034}
	EndGlobalSection
EndGlobal
